
Microsoft Visual Studio Solution File, Format Version 12.00
# Visual Studio Version 16
VisualStudioVersion = 16.0.30406.217
MinimumVisualStudioVersion = 10.0.40219.1
Project("{FAE04EC0-301F-11D3-BF4B-00C04F79EFBC}") = "TestAsync", "TestAsync.csproj", "{106A2C08-B9B3-494D-A30B-048C3626B39A}"
EndProject
Global
	GlobalSection(SolutionConfigurationPlatforms) = preSolution
		Debug|Any CPU = Debug|Any CPU
		Release|Any CPU = Release|Any CPU
	EndGlobalSection
	GlobalSection(ProjectConfigurationPlatforms) = postSolution
		{106A2C08-B9B3-494D-A30B-048C3626B39A}.Debug|Any CPU.ActiveCfg = Debug|Any CPU
		{106A2C08-B9B3-494D-A30B-048C3626B39A}.Debug|Any CPU.Build.0 = Debug|Any CPU
		{106A2C08-B9B3-494D-A30B-048C3626B39A}.Release|Any CPU.ActiveCfg = Release|Any CPU
		{106A2C08-B9B3-494D-A30B-048C3626B39A}.Release|Any CPU.Build.0 = Release|Any CPU
	EndGlobalSection
	GlobalSection(SolutionProperties) = preSolution
		HideSolutionNode = FALSE
	EndGlobalSection
	GlobalSection(ExtensibilityGlobals) = postSolution
		SolutionGuid = {58D96ABD-8C64-4B97-A01D-14200FC594FA}
	EndGlobalSection
EndGlobal
